<?xml version="1.0" encoding="utf-8"?>
<Project ToolsVersion="4.0" xmlns="http://schemas.microsoft.com/developer/msbuild/2003">
  <ItemGroup>
    <Filter Include="源文件">
      <UniqueIdentifier>{4FC737F1-C7A5-4376-A066-2A32D752A2FF}</UniqueIdentifier>
      <Extensions>cpp;c;cc;cxx;def;odl;idl;hpj;bat;asm;asmx</Extensions>
    </Filter>
    <Filter Include="头文件">
      <UniqueIdentifier>{93995380-89BD-4b04-88EB-625FBE52EBFB}</UniqueIdentifier>
      <Extensions>h;hh;hpp;hxx;hm;inl;inc;xsd</Extensions>
    </Filter>
    <Filter Include="资源文件">
      <UniqueIdentifier>{67DA6AB6-F800-4c08-8B7A-83BB121AAD01}</UniqueIdentifier>
      <Extensions>rc;ico;cur;bmp;dlg;rc2;rct;bin;rgs;gif;jpg;jpeg;jpe;resx;tiff;tif;png;wav;mfcribbon-ms</Extensions>
    </Filter>
    <Filter Include="源文件\Oct">
      <UniqueIdentifier>{6beb3b70-9aaa-44fe-ba19-67c03b83d3f3}</UniqueIdentifier>
    </Filter>
    <Filter Include="源文件\Nov">
      <UniqueIdentifier>{295c1a06-9f62-4e4e-9af5-39637a099ad6}</UniqueIdentifier>
    </Filter>
    <Filter Include="源文件\Dec">
      <UniqueIdentifier>{09d23a08-3a50-4ec1-9b0b-582200897ce6}</UniqueIdentifier>
    </Filter>
    <Filter Include="源文件\March">
      <UniqueIdentifier>{2f3acf81-b1ec-4065-98dc-ba3b88a8d368}</UniqueIdentifier>
    </Filter>
  </ItemGroup>
  <ItemGroup>
    <Text Include="ReadMe.txt" />
  </ItemGroup>
  <ItemGroup>
    <ClInclude Include="stdafx.h">
      <Filter>头文件</Filter>
    </ClInclude>
    <ClInclude Include="targetver.h">
      <Filter>头文件</Filter>
    </ClInclude>
    <ClInclude Include="common.h">
      <Filter>头文件</Filter>
    </ClInclude>
    <ClInclude Include="day1_two_sum.hpp">
      <Filter>源文件\Oct</Filter>
    </ClInclude>
    <ClInclude Include="day2_add_two_numbers.hpp">
      <Filter>源文件\Oct</Filter>
    </ClInclude>
    <ClInclude Include="day3_longgest_substring_without_repating_characters.hpp">
      <Filter>源文件\Oct</Filter>
    </ClInclude>
    <ClInclude Include="day4_median_of_two_sorted.hpp">
      <Filter>源文件\Oct</Filter>
    </ClInclude>
    <ClInclude Include="day5_longgest_palindromic.hpp">
      <Filter>源文件\Oct</Filter>
    </ClInclude>
    <ClInclude Include="day6_zig_zag_conversion.hpp">
      <Filter>源文件\Oct</Filter>
    </ClInclude>
    <ClInclude Include="day7_revers_integer.hpp">
      <Filter>源文件\Oct</Filter>
    </ClInclude>
    <ClInclude Include="day8_string_to_integer.hpp">
      <Filter>源文件\Oct</Filter>
    </ClInclude>
    <ClInclude Include="day9_palindrome_number.hpp">
      <Filter>源文件\Oct</Filter>
    </ClInclude>
    <ClInclude Include="day10_regular_expression.hpp">
      <Filter>源文件\Oct</Filter>
    </ClInclude>
    <ClInclude Include="day11_container_with_most_water.hpp">
      <Filter>源文件\Oct</Filter>
    </ClInclude>
    <ClInclude Include="day12_integer_to_roman.hpp">
      <Filter>源文件\Oct</Filter>
    </ClInclude>
    <ClInclude Include="day13_roman_to_integer.hpp">
      <Filter>源文件\Oct</Filter>
    </ClInclude>
    <ClInclude Include="day14_longest_common_prefix.hpp">
      <Filter>源文件\Oct</Filter>
    </ClInclude>
    <ClInclude Include="day15_3sum.hpp">
      <Filter>源文件\Oct</Filter>
    </ClInclude>
    <ClInclude Include="day16_3sum_closest.hpp">
      <Filter>源文件\Oct</Filter>
    </ClInclude>
    <ClInclude Include="day17_letter_combinations.hpp">
      <Filter>源文件\Oct</Filter>
    </ClInclude>
    <ClInclude Include="day18_four_sum.hpp">
      <Filter>源文件\Oct</Filter>
    </ClInclude>
    <ClInclude Include="day19_remove_Nth_from_end.hpp">
      <Filter>源文件\Oct</Filter>
    </ClInclude>
    <ClInclude Include="day20_vaild_parentheses.hpp">
      <Filter>源文件\Oct</Filter>
    </ClInclude>
    <ClInclude Include="day21_merge_two_sorted_lists.hpp">
      <Filter>源文件\Oct</Filter>
    </ClInclude>
    <ClInclude Include="day22_generate_parentheses.hpp">
      <Filter>源文件\Oct</Filter>
    </ClInclude>
    <ClInclude Include="day23_merge_k_sorted_lists.hpp">
      <Filter>源文件\Oct</Filter>
    </ClInclude>
    <ClInclude Include="day24_swap_nodes_in_pairs.hpp">
      <Filter>源文件\Oct</Filter>
    </ClInclude>
    <ClInclude Include="day25_reverse_nodes_in_k-group.hpp">
      <Filter>源文件\Oct</Filter>
    </ClInclude>
    <ClInclude Include="day26_remove_duplicates_from_sorted_array.hpp">
      <Filter>源文件\Oct</Filter>
    </ClInclude>
    <ClInclude Include="day27_remove_element.hpp">
      <Filter>源文件\Oct</Filter>
    </ClInclude>
    <ClInclude Include="day28_implement_strStr().hpp">
      <Filter>源文件\Oct</Filter>
    </ClInclude>
    <ClInclude Include="day29_divide_two_integers.hpp">
      <Filter>源文件\Oct</Filter>
    </ClInclude>
    <ClInclude Include="day30_substring_with_concatentation_of_all_words.hpp">
      <Filter>源文件\Oct</Filter>
    </ClInclude>
    <ClInclude Include="day31_next_premutation.hpp">
      <Filter>源文件\Oct</Filter>
    </ClInclude>
    <ClInclude Include="day32_longest_valid_parentheses.hpp">
      <Filter>源文件\Oct</Filter>
    </ClInclude>
    <ClInclude Include="day33_search_in_rotated_sorted_array.hpp">
      <Filter>源文件\Oct</Filter>
    </ClInclude>
    <ClInclude Include="day34_find_first_and_last_position_of_elements_in_sorted_array.hpp">
      <Filter>源文件\Oct</Filter>
    </ClInclude>
    <ClInclude Include="day35_search_insert_position.hpp">
      <Filter>源文件\Oct</Filter>
    </ClInclude>
    <ClInclude Include="day36_sudoku.hpp">
      <Filter>源文件\Oct</Filter>
    </ClInclude>
    <ClInclude Include="day1114_order_output.hpp">
      <Filter>源文件\Oct</Filter>
    </ClInclude>
    <ClInclude Include="day37_sudoku_solver.hpp">
      <Filter>源文件\Nov</Filter>
    </ClInclude>
    <ClInclude Include="day38_count_and_say.hpp">
      <Filter>源文件\Nov</Filter>
    </ClInclude>
    <ClInclude Include="day39_combination_sum.hpp">
      <Filter>源文件\Nov</Filter>
    </ClInclude>
    <ClInclude Include="day40_combination_sum2.hpp">
      <Filter>源文件\Nov</Filter>
    </ClInclude>
    <ClInclude Include="day41_first_missing_positive.hpp">
      <Filter>源文件\Nov</Filter>
    </ClInclude>
    <ClInclude Include="day42_trapping_rain_water.hpp">
      <Filter>源文件\Nov</Filter>
    </ClInclude>
    <ClInclude Include="day43_multiply_strings.hpp">
      <Filter>源文件\Nov</Filter>
    </ClInclude>
    <ClInclude Include="day44_wildcard_matching.hpp">
      <Filter>源文件\Nov</Filter>
    </ClInclude>
    <ClInclude Include="day45_jump_game2.hpp">
      <Filter>源文件\Nov</Filter>
    </ClInclude>
    <ClInclude Include="day46_premutations.hpp">
      <Filter>源文件\Nov</Filter>
    </ClInclude>
    <ClInclude Include="day47_permutations2.hpp">
      <Filter>源文件\Nov</Filter>
    </ClInclude>
    <ClInclude Include="day48_rotate_image.hpp">
      <Filter>源文件\Nov</Filter>
    </ClInclude>
    <ClInclude Include="day49_group_anagrams.hpp">
      <Filter>源文件\Nov</Filter>
    </ClInclude>
    <ClInclude Include="day50_my_pow.hpp">
      <Filter>源文件\Nov</Filter>
    </ClInclude>
    <ClInclude Include="day51_n-queens.hpp">
      <Filter>源文件\Nov</Filter>
    </ClInclude>
    <ClInclude Include="day52_n-queens2.hpp">
      <Filter>源文件\Nov</Filter>
    </ClInclude>
    <ClInclude Include="day53_maximum_subarray.hpp">
      <Filter>源文件\Nov</Filter>
    </ClInclude>
    <ClInclude Include="day54_spiral_matrix.hpp">
      <Filter>源文件\Nov</Filter>
    </ClInclude>
    <ClInclude Include="day55_jump_game.hpp">
      <Filter>源文件\Nov</Filter>
    </ClInclude>
    <ClInclude Include="day56_merge_intervals.hpp">
      <Filter>源文件\Nov</Filter>
    </ClInclude>
    <ClInclude Include="day57_insert_interval.hpp">
      <Filter>源文件\Nov</Filter>
    </ClInclude>
    <ClInclude Include="day58_length_of_last_word.hpp">
      <Filter>源文件\Nov</Filter>
    </ClInclude>
    <ClInclude Include="day59_spiral_matrix.hpp">
      <Filter>源文件\Nov</Filter>
    </ClInclude>
    <ClInclude Include="day60_permutation_sequence.hpp">
      <Filter>源文件\Dec</Filter>
    </ClInclude>
    <ClInclude Include="day61_rotate_list.hpp">
      <Filter>源文件\Dec</Filter>
    </ClInclude>
    <ClInclude Include="day62_unique_paths.hpp">
      <Filter>源文件\Dec</Filter>
    </ClInclude>
    <ClInclude Include="day63_unique_pathII.hpp">
      <Filter>源文件\Dec</Filter>
    </ClInclude>
    <ClInclude Include="day64_minimum_path_sum.hpp">
      <Filter>源文件\March</Filter>
    </ClInclude>
  </ItemGroup>
  <ItemGroup>
    <ClCompile Include="stdafx.cpp">
      <Filter>源文件</Filter>
    </ClCompile>
    <ClCompile Include="LeetCode.cpp">
      <Filter>源文件</Filter>
    </ClCompile>
  </ItemGroup>
</Project>